
Microsoft Visual Studio Solution File, Format Version 12.00
# Visual Studio Version 17
VisualStudioVersion = 17.6.33712.159
MinimumVisualStudioVersion = 10.0.40219.1
Project("{FAE04EC0-301F-11D3-BF4B-00C04F79EFBC}") = "LutaSilviu", "LutaSilviu\LutaSilviu.csproj", "{2DBD920F-4CE0-4EE7-97B3-CFCCC32FD5EF}"
EndProject
Project("{FAE04EC0-301F-11D3-BF4B-00C04F79EFBC}") = "Laborator3", "Laborator3\Laborator3.csproj", "{1F002732-C83B-4537-9EFA-11FD42699168}"
EndProject
Project("{FAE04EC0-301F-11D3-BF4B-00C04F79EFBC}") = "Laborator4", "Laborator4\Laborator4.csproj", "{0867BBCC-DD4E-4585-8867-056CAD8C43DA}"
EndProject
Global
	GlobalSection(SolutionConfigurationPlatforms) = preSolution
		Debug|Any CPU = Debug|Any CPU
		Release|Any CPU = Release|Any CPU
	EndGlobalSection
	GlobalSection(ProjectConfigurationPlatforms) = postSolution
		{2DBD920F-4CE0-4EE7-97B3-CFCCC32FD5EF}.Debug|Any CPU.ActiveCfg = Debug|Any CPU
		{2DBD920F-4CE0-4EE7-97B3-CFCCC32FD5EF}.Debug|Any CPU.Build.0 = Debug|Any CPU
		{2DBD920F-4CE0-4EE7-97B3-CFCCC32FD5EF}.Release|Any CPU.ActiveCfg = Release|Any CPU
		{2DBD920F-4CE0-4EE7-97B3-CFCCC32FD5EF}.Release|Any CPU.Build.0 = Release|Any CPU
		{1F002732-C83B-4537-9EFA-11FD42699168}.Debug|Any CPU.ActiveCfg = Debug|Any CPU
		{1F002732-C83B-4537-9EFA-11FD42699168}.Debug|Any CPU.Build.0 = Debug|Any CPU
		{1F002732-C83B-4537-9EFA-11FD42699168}.Release|Any CPU.ActiveCfg = Release|Any CPU
		{1F002732-C83B-4537-9EFA-11FD42699168}.Release|Any CPU.Build.0 = Release|Any CPU
		{0867BBCC-DD4E-4585-8867-056CAD8C43DA}.Debug|Any CPU.ActiveCfg = Debug|Any CPU
		{0867BBCC-DD4E-4585-8867-056CAD8C43DA}.Debug|Any CPU.Build.0 = Debug|Any CPU
		{0867BBCC-DD4E-4585-8867-056CAD8C43DA}.Release|Any CPU.ActiveCfg = Release|Any CPU
		{0867BBCC-DD4E-4585-8867-056CAD8C43DA}.Release|Any CPU.Build.0 = Release|Any CPU
	EndGlobalSection
	GlobalSection(SolutionProperties) = preSolution
		HideSolutionNode = FALSE
	EndGlobalSection
	GlobalSection(ExtensibilityGlobals) = postSolution
		SolutionGuid = {594E5CE2-89D9-497D-A670-6DC7D3121E90}
	EndGlobalSection
EndGlobal
